// !$*UTF8*$!
{
	archiveVersion = 1;
	classes = {
	};
	objectVersion = 46;
	objects = {

/* Begin PBXBuildFile section */
		090345501E82C7350061BE0C /* CRNumberFaded.m in Sources */ = {isa = PBXBuildFile; fileRef = 0903454F1E82C7350061BE0C /* CRNumberFaded.m */; };
		090345531E82CC4C0061BE0C /* CRFadedView.m in Sources */ = {isa = PBXBuildFile; fileRef = 090345521E82CC4C0061BE0C /* CRFadedView.m */; };
		0985476D1EC52F6300E65846 /* CRSlider.m in Sources */ = {isa = PBXBuildFile; fileRef = 0985476C1EC52F6300E65846 /* CRSlider.m */; };
		09C5C41A1E82BE6E0091EEAD /* main.m in Sources */ = {isa = PBXBuildFile; fileRef = 09C5C4191E82BE6E0091EEAD /* main.m */; };
		09C5C41D1E82BE6E0091EEAD /* AppDelegate.m in Sources */ = {isa = PBXBuildFile; fileRef = 09C5C41C1E82BE6E0091EEAD /* AppDelegate.m */; };
		09C5C4201E82BE6E0091EEAD /* ViewController.m in Sources */ = {isa = PBXBuildFile; fileRef = 09C5C41F1E82BE6E0091EEAD /* ViewController.m */; };
		09C5C4231E82BE6E0091EEAD /* Main.storyboard in Resources */ = {isa = PBXBuildFile; fileRef = 09C5C4211E82BE6E0091EEAD /* Main.storyboard */; };
		09C5C4251E82BE6E0091EEAD /* Assets.xcassets in Resources */ = {isa = PBXBuildFile; fileRef = 09C5C4241E82BE6E0091EEAD /* Assets.xcassets */; };
		09C5C4281E82BE6E0091EEAD /* LaunchScreen.storyboard in Resources */ = {isa = PBXBuildFile; fileRef = 09C5C4261E82BE6E0091EEAD /* LaunchScreen.storyboard */; };
		09C5C4331E82BE6F0091EEAD /* CRNumberFadedTests.m in Sources */ = {isa = PBXBuildFile; fileRef = 09C5C4321E82BE6F0091EEAD /* CRNumberFadedTests.m */; };
		09C5C43E1E82BE6F0091EEAD /* CRNumberFadedUITests.m in Sources */ = {isa = PBXBuildFile; fileRef = 09C5C43D1E82BE6F0091EEAD /* CRNumberFadedUITests.m */; };
		09CA34B11EC612E300EA80A2 /* PerformanceVC.m in Sources */ = {isa = PBXBuildFile; fileRef = 09CA34B01EC612E300EA80A2 /* PerformanceVC.m */; };
		98FC6CAA0994536BA34ADC11 /* libPods-CRNumberFadedUITests.a in Frameworks */ = {isa = PBXBuildFile; fileRef = 43FD27C6415A22301ADD34A6 /* libPods-CRNumberFadedUITests.a */; };
		B904CE5B9A3F38ED878F3D1E /* libPods-CRNumberFadedTests.a in Frameworks */ = {isa = PBXBuildFile; fileRef = 47164EEAAECA3F8FC300FDB4 /* libPods-CRNumberFadedTests.a */; };
		E12630B7F8A2DAAEE49B8133 /* libPods-CRNumberFaded.a in Frameworks */ = {isa = PBXBuildFile; fileRef = 3E98B4360C19FBD7FE8800BD /* libPods-CRNumberFaded.a */; };
/* End PBXBuildFile section */

/* Begin PBXContainerItemProxy section */
		09C5C42F1E82BE6F0091EEAD /* PBXContainerItemProxy */ = {
			isa = PBXContainerItemProxy;
			containerPortal = 09C5C40D1E82BE6D0091EEAD /* Project object */;
			proxyType = 1;
			remoteGlobalIDString = 09C5C4141E82BE6D0091EEAD;
			remoteInfo = CRNumberFaded;
		};
		09C5C43A1E82BE6F0091EEAD /* PBXContainerItemProxy */ = {
			isa = PBXContainerItemProxy;
			containerPortal = 09C5C40D1E82BE6D0091EEAD /* Project object */;
			proxyType = 1;
			remoteGlobalIDString = 09C5C4141E82BE6D0091EEAD;
			remoteInfo = CRNumberFaded;
		};
/* End PBXContainerItemProxy section */

/* Begin PBXFileReference section */
		0903454D1E82C5730061BE0C /* PrefixHeader.pch */ = {isa = PBXFileReference; fileEncoding = 4; lastKnownFileType = sourcecode.c.h; path = PrefixHeader.pch; sourceTree = "<group>"; };
		0903454E1E82C7350061BE0C /* CRNumberFaded.h */ = {isa = PBXFileReference; fileEncoding = 4; lastKnownFileType = sourcecode.c.h; path = CRNumberFaded.h; sourceTree = "<group>"; };
		0903454F1E82C7350061BE0C /* CRNumberFaded.m */ = {isa = PBXFileReference; fileEncoding = 4; lastKnownFileType = sourcecode.c.objc; path = CRNumberFaded.m; sourceTree = "<group>"; };
		090345511E82CC4C0061BE0C /* CRFadedView.h */ = {isa = PBXFileReference; fileEncoding = 4; lastKnownFileType = sourcecode.c.h; path = CRFadedView.h; sourceTree = "<group>"; };
		090345521E82CC4C0061BE0C /* CRFadedView.m */ = {isa = PBXFileReference; fileEncoding = 4; lastKnownFileType = sourcecode.c.objc; path = CRFadedView.m; sourceTree = "<group>"; };
		0985476B1EC52F6300E65846 /* CRSlider.h */ = {isa = PBXFileReference; fileEncoding = 4; lastKnownFileType = sourcecode.c.h; path = CRSlider.h; sourceTree = "<group>"; };
		0985476C1EC52F6300E65846 /* CRSlider.m */ = {isa = PBXFileReference; fileEncoding = 4; lastKnownFileType = sourcecode.c.objc; path = CRSlider.m; sourceTree = "<group>"; };
		09C5C4151E82BE6E0091EEAD /* CRNumberFaded.app */ = {isa = PBXFileReference; explicitFileType = wrapper.application; includeInIndex = 0; path = CRNumberFaded.app; sourceTree = BUILT_PRODUCTS_DIR; };
		09C5C4191E82BE6E0091EEAD /* main.m */ = {isa = PBXFileReference; lastKnownFileType = sourcecode.c.objc; path = main.m; sourceTree = "<group>"; };
		09C5C41B1E82BE6E0091EEAD /* AppDelegate.h */ = {isa = PBXFileReference; lastKnownFileType = sourcecode.c.h; path = AppDelegate.h; sourceTree = "<group>"; };
		09C5C41C1E82BE6E0091EEAD /* AppDelegate.m */ = {isa = PBXFileReference; lastKnownFileType = sourcecode.c.objc; path = AppDelegate.m; sourceTree = "<group>"; };
		09C5C41E1E82BE6E0091EEAD /* ViewController.h */ = {isa = PBXFileReference; lastKnownFileType = sourcecode.c.h; path = ViewController.h; sourceTree = "<group>"; };
		09C5C41F1E82BE6E0091EEAD /* ViewController.m */ = {isa = PBXFileReference; lastKnownFileType = sourcecode.c.objc; path = ViewController.m; sourceTree = "<group>"; };
		09C5C4221E82BE6E0091EEAD /* Base */ = {isa = PBXFileReference; lastKnownFileType = file.storyboard; name = Base; path = Base.lproj/Main.storyboard; sourceTree = "<group>"; };
		09C5C4241E82BE6E0091EEAD /* Assets.xcassets */ = {isa = PBXFileReference; lastKnownFileType = folder.assetcatalog; path = Assets.xcassets; sourceTree = "<group>"; };
		09C5C4271E82BE6E0091EEAD /* Base */ = {isa = PBXFileReference; lastKnownFileType = file.storyboard; name = Base; path = Base.lproj/LaunchScreen.storyboard; sourceTree = "<group>"; };
		09C5C4291E82BE6E0091EEAD /* Info.plist */ = {isa = PBXFileReference; lastKnownFileType = text.plist.xml; path = Info.plist; sourceTree = "<group>"; };
		09C5C42E1E82BE6F0091EEAD /* CRNumberFadedTests.xctest */ = {isa = PBXFileReference; explicitFileType = wrapper.cfbundle; includeInIndex = 0; path = CRNumberFadedTests.xctest; sourceTree = BUILT_PRODUCTS_DIR; };
		09C5C4321E82BE6F0091EEAD /* CRNumberFadedTests.m */ = {isa = PBXFileReference; lastKnownFileType = sourcecode.c.objc; path = CRNumberFadedTests.m; sourceTree = "<group>"; };
		09C5C4341E82BE6F0091EEAD /* Info.plist */ = {isa = PBXFileReference; lastKnownFileType = text.plist.xml; path = Info.plist; sourceTree = "<group>"; };
		09C5C4391E82BE6F0091EEAD /* CRNumberFadedUITests.xctest */ = {isa = PBXFileReference; explicitFileType = wrapper.cfbundle; includeInIndex = 0; path = CRNumberFadedUITests.xctest; sourceTree = BUILT_PRODUCTS_DIR; };
		09C5C43D1E82BE6F0091EEAD /* CRNumberFadedUITests.m */ = {isa = PBXFileReference; lastKnownFileType = sourcecode.c.objc; path = CRNumberFadedUITests.m; sourceTree = "<group>"; };
		09C5C43F1E82BE6F0091EEAD /* Info.plist */ = {isa = PBXFileReference; lastKnownFileType = text.plist.xml; path = Info.plist; sourceTree = "<group>"; };
		09CA34AF1EC612E300EA80A2 /* PerformanceVC.h */ = {isa = PBXFileReference; fileEncoding = 4; lastKnownFileType = sourcecode.c.h; path = PerformanceVC.h; sourceTree = "<group>"; };
		09CA34B01EC612E300EA80A2 /* PerformanceVC.m */ = {isa = PBXFileReference; fileEncoding = 4; lastKnownFileType = sourcecode.c.objc; path = PerformanceVC.m; sourceTree = "<group>"; };
		3E98B4360C19FBD7FE8800BD /* libPods-CRNumberFaded.a */ = {isa = PBXFileReference; explicitFileType = archive.ar; includeInIndex = 0; path = "libPods-CRNumberFaded.a"; sourceTree = BUILT_PRODUCTS_DIR; };
		43FD27C6415A22301ADD34A6 /* libPods-CRNumberFadedUITests.a */ = {isa = PBXFileReference; explicitFileType = archive.ar; includeInIndex = 0; path = "libPods-CRNumberFadedUITests.a"; sourceTree = BUILT_PRODUCTS_DIR; };
		47164EEAAECA3F8FC300FDB4 /* libPods-CRNumberFadedTests.a */ = {isa = PBXFileReference; explicitFileType = archive.ar; includeInIndex = 0; path = "libPods-CRNumberFadedTests.a"; sourceTree = BUILT_PRODUCTS_DIR; };
		53745675C8548BB5030D7949 /* Pods-CRNumberFaded.release.xcconfig */ = {isa = PBXFileReference; includeInIndex = 1; lastKnownFileType = text.xcconfig; name = "Pods-CRNumberFaded.release.xcconfig"; path = "Pods/Target Support Files/Pods-CRNumberFaded/Pods-CRNumberFaded.release.xcconfig"; sourceTree = "<group>"; };
		708D48E3BBA7D14A6C826870 /* Pods-CRNumberFadedUITests.release.xcconfig */ = {isa = PBXFileReference; includeInIndex = 1; lastKnownFileType = text.xcconfig; name = "Pods-CRNumberFadedUITests.release.xcconfig"; path = "Pods/Target Support Files/Pods-CRNumberFadedUITests/Pods-CRNumberFadedUITests.release.xcconfig"; sourceTree = "<group>"; };
		B8C96CAC3DF0923C32F7CB28 /* Pods-CRNumberFadedTests.release.xcconfig */ = {isa = PBXFileReference; includeInIndex = 1; lastKnownFileType = text.xcconfig; name = "Pods-CRNumberFadedTests.release.xcconfig"; path = "Pods/Target Support Files/Pods-CRNumberFadedTests/Pods-CRNumberFadedTests.release.xcconfig"; sourceTree = "<group>"; };
		D92A178776E2E9AED69437E6 /* Pods-CRNumberFadedTests.debug.xcconfig */ = {isa = PBXFileReference; includeInIndex = 1; lastKnownFileType = text.xcconfig; name = "Pods-CRNumberFadedTests.debug.xcconfig"; path = "Pods/Target Support Files/Pods-CRNumberFadedTests/Pods-CRNumberFadedTests.debug.xcconfig"; sourceTree = "<group>"; };
		D9ADE747B97862270C218779 /* Pods-CRNumberFadedUITests.debug.xcconfig */ = {isa = PBXFileReference; includeInIndex = 1; lastKnownFileType = text.xcconfig; name = "Pods-CRNumberFadedUITests.debug.xcconfig"; path = "Pods/Target Support Files/Pods-CRNumberFadedUITests/Pods-CRNumberFadedUITests.debug.xcconfig"; sourceTree = "<group>"; };
		E4A9995EB2977FD651368CC7 /* Pods-CRNumberFaded.debug.xcconfig */ = {isa = PBXFileReference; includeInIndex = 1; lastKnownFileType = text.xcconfig; name = "Pods-CRNumberFaded.debug.xcconfig"; path = "Pods/Target Support Files/Pods-CRNumberFaded/Pods-CRNumberFaded.debug.xcconfig"; sourceTree = "<group>"; };
/* End PBXFileReference section */

/* Begin PBXFrameworksBuildPhase section */
		09C5C4121E82BE6D0091EEAD /* Frameworks */ = {
			isa = PBXFrameworksBuildPhase;
			buildActionMask = 2147483647;
			files = (
				E12630B7F8A2DAAEE49B8133 /* libPods-CRNumberFaded.a in Frameworks */,
			);
			runOnlyForDeploymentPostprocessing = 0;
		};
		09C5C42B1E82BE6F0091EEAD /* Frameworks */ = {
			isa = PBXFrameworksBuildPhase;
			buildActionMask = 2147483647;
			files = (
				B904CE5B9A3F38ED878F3D1E /* libPods-CRNumberFadedTests.a in Frameworks */,
			);
			runOnlyForDeploymentPostprocessing = 0;
		};
		09C5C4361E82BE6F0091EEAD /* Frameworks */ = {
			isa = PBXFrameworksBuildPhase;
			buildActionMask = 2147483647;
			files = (
				98FC6CAA0994536BA34ADC11 /* libPods-CRNumberFadedUITests.a in Frameworks */,
			);
			runOnlyForDeploymentPostprocessing = 0;
		};
/* End PBXFrameworksBuildPhase section */

/* Begin PBXGroup section */
		09C5C40C1E82BE6D0091EEAD = {
			isa = PBXGroup;
			children = (
				09C5C4171E82BE6E0091EEAD /* CRNumberFaded */,
				09C5C4311E82BE6F0091EEAD /* CRNumberFadedTests */,
				09C5C43C1E82BE6F0091EEAD /* CRNumberFadedUITests */,
				09C5C4161E82BE6E0091EEAD /* Products */,
				4AC3098EB3F3A64B2FC2D59B /* Pods */,
				2EDFD3FD49B3949A6378CEBE /* Frameworks */,
			);
			sourceTree = "<group>";
		};
		09C5C4161E82BE6E0091EEAD /* Products */ = {
			isa = PBXGroup;
			children = (
				09C5C4151E82BE6E0091EEAD /* CRNumberFaded.app */,
				09C5C42E1E82BE6F0091EEAD /* CRNumberFadedTests.xctest */,
				09C5C4391E82BE6F0091EEAD /* CRNumberFadedUITests.xctest */,
			);
			name = Products;
			sourceTree = "<group>";
		};
		09C5C4171E82BE6E0091EEAD /* CRNumberFaded */ = {
			isa = PBXGroup;
			children = (
				09C5C41B1E82BE6E0091EEAD /* AppDelegate.h */,
				09C5C41C1E82BE6E0091EEAD /* AppDelegate.m */,
				09C5C41E1E82BE6E0091EEAD /* ViewController.h */,
				09C5C41F1E82BE6E0091EEAD /* ViewController.m */,
				09CA34AF1EC612E300EA80A2 /* PerformanceVC.h */,
				09CA34B01EC612E300EA80A2 /* PerformanceVC.m */,
				0903454E1E82C7350061BE0C /* CRNumberFaded.h */,
				0903454F1E82C7350061BE0C /* CRNumberFaded.m */,
				090345511E82CC4C0061BE0C /* CRFadedView.h */,
				090345521E82CC4C0061BE0C /* CRFadedView.m */,
				0985476B1EC52F6300E65846 /* CRSlider.h */,
				0985476C1EC52F6300E65846 /* CRSlider.m */,
				09C5C4211E82BE6E0091EEAD /* Main.storyboard */,
				09C5C4241E82BE6E0091EEAD /* Assets.xcassets */,
				09C5C4261E82BE6E0091EEAD /* LaunchScreen.storyboard */,
				09C5C4291E82BE6E0091EEAD /* Info.plist */,
				09C5C4181E82BE6E0091EEAD /* Supporting Files */,
			);
			path = CRNumberFaded;
			sourceTree = "<group>";
		};
		09C5C4181E82BE6E0091EEAD /* Supporting Files */ = {
			isa = PBXGroup;
			children = (
				09C5C4191E82BE6E0091EEAD /* main.m */,
				0903454D1E82C5730061BE0C /* PrefixHeader.pch */,
			);
			name = "Supporting Files";
			sourceTree = "<group>";
		};
		09C5C4311E82BE6F0091EEAD /* CRNumberFadedTests */ = {
			isa = PBXGroup;
			children = (
				09C5C4321E82BE6F0091EEAD /* CRNumberFadedTests.m */,
				09C5C4341E82BE6F0091EEAD /* Info.plist */,
			);
			path = CRNumberFadedTests;
			sourceTree = "<group>";
		};
		09C5C43C1E82BE6F0091EEAD /* CRNumberFadedUITests */ = {
			isa = PBXGroup;
			children = (
				09C5C43D1E82BE6F0091EEAD /* CRNumberFadedUITests.m */,
				09C5C43F1E82BE6F0091EEAD /* Info.plist */,
			);
			path = CRNumberFadedUITests;
			sourceTree = "<group>";
		};
		2EDFD3FD49B3949A6378CEBE /* Frameworks */ = {
			isa = PBXGroup;
			children = (
				3E98B4360C19FBD7FE8800BD /* libPods-CRNumberFaded.a */,
				47164EEAAECA3F8FC300FDB4 /* libPods-CRNumberFadedTests.a */,
				43FD27C6415A22301ADD34A6 /* libPods-CRNumberFadedUITests.a */,
			);
			name = Frameworks;
			sourceTree = "<group>";
		};
		4AC3098EB3F3A64B2FC2D59B /* Pods */ = {
			isa = PBXGroup;
			children = (
				E4A9995EB2977FD651368CC7 /* Pods-CRNumberFaded.debug.xcconfig */,
				53745675C8548BB5030D7949 /* Pods-CRNumberFaded.release.xcconfig */,
				D92A178776E2E9AED69437E6 /* Pods-CRNumberFadedTests.debug.xcconfig */,
				B8C96CAC3DF0923C32F7CB28 /* Pods-CRNumberFadedTests.release.xcconfig */,
				D9ADE747B97862270C218779 /* Pods-CRNumberFadedUITests.debug.xcconfig */,
				708D48E3BBA7D14A6C826870 /* Pods-CRNumberFadedUITests.release.xcconfig */,
			);
			name = Pods;
			sourceTree = "<group>";
		};
/* End PBXGroup section */

/* Begin PBXNativeTarget section */
		09C5C4141E82BE6D0091EEAD /* CRNumberFaded */ = {
			isa = PBXNativeTarget;
			buildConfigurationList = 09C5C4421E82BE6F0091EEAD /* Build configuration list for PBXNativeTarget "CRNumberFaded" */;
			buildPhases = (
				135F43A08E8C17E7EAE9F6F4 /* [CP] Check Pods Manifest.lock */,
				09C5C4111E82BE6D0091EEAD /* Sources */,
				09C5C4121E82BE6D0091EEAD /* Frameworks */,
				09C5C4131E82BE6D0091EEAD /* Resources */,
				56668E42BBDB2029B11CA3EC /* [CP] Embed Pods Frameworks */,
				869AE8A806A0597269055942 /* [CP] Copy Pods Resources */,
			);
			buildRules = (
			);
			dependencies = (
			);
			name = CRNumberFaded;
			productName = CRNumberFaded;
			productReference = 09C5C4151E82BE6E0091EEAD /* CRNumberFaded.app */;
			productType = "com.apple.product-type.application";
		};
		09C5C42D1E82BE6F0091EEAD /* CRNumberFadedTests */ = {
			isa = PBXNativeTarget;
			buildConfigurationList = 09C5C4451E82BE6F0091EEAD /* Build configuration list for PBXNativeTarget "CRNumberFadedTests" */;
			buildPhases = (
				9D4C1C565EC1011F0B571078 /* [CP] Check Pods Manifest.lock */,
				09C5C42A1E82BE6F0091EEAD /* Sources */,
				09C5C42B1E82BE6F0091EEAD /* Frameworks */,
				09C5C42C1E82BE6F0091EEAD /* Resources */,
				57668F836018FF56776A09D1 /* [CP] Embed Pods Frameworks */,
				E70C0C5D80606A0CDDD58FA5 /* [CP] Copy Pods Resources */,
			);
			buildRules = (
			);
			dependencies = (
				09C5C4301E82BE6F0091EEAD /* PBXTargetDependency */,
			);
			name = CRNumberFadedTests;
			productName = CRNumberFadedTests;
			productReference = 09C5C42E1E82BE6F0091EEAD /* CRNumberFadedTests.xctest */;
			productType = "com.apple.product-type.bundle.unit-test";
		};
		09C5C4381E82BE6F0091EEAD /* CRNumberFadedUITests */ = {
			isa = PBXNativeTarget;
			buildConfigurationList = 09C5C4481E82BE6F0091EEAD /* Build configuration list for PBXNativeTarget "CRNumberFadedUITests" */;
			buildPhases = (
				1B0F661F984249BDB02912D1 /* [CP] Check Pods Manifest.lock */,
				09C5C4351E82BE6F0091EEAD /* Sources */,
				09C5C4361E82BE6F0091EEAD /* Frameworks */,
				09C5C4371E82BE6F0091EEAD /* Resources */,
				C259EC5684DE2CC1A7AA5F0D /* [CP] Embed Pods Frameworks */,
				1CAD2A0F10ADD31FE1EC3694 /* [CP] Copy Pods Resources */,
			);
			buildRules = (
			);
			dependencies = (
				09C5C43B1E82BE6F0091EEAD /* PBXTargetDependency */,
			);
			name = CRNumberFadedUITests;
			productName = CRNumberFadedUITests;
			productReference = 09C5C4391E82BE6F0091EEAD /* CRNumberFadedUITests.xctest */;
			productType = "com.apple.product-type.bundle.ui-testing";
		};
/* End PBXNativeTarget section */

/* Begin PBXProject section */
		09C5C40D1E82BE6D0091EEAD /* Project object */ = {
			isa = PBXProject;
			attributes = {
				LastUpgradeCheck = 0800;
				ORGANIZATIONNAME = Bear;
				TargetAttributes = {
					09C5C4141E82BE6D0091EEAD = {
						CreatedOnToolsVersion = 8.0;
						ProvisioningStyle = Automatic;
					};
					09C5C42D1E82BE6F0091EEAD = {
						CreatedOnToolsVersion = 8.0;
						ProvisioningStyle = Automatic;
						TestTargetID = 09C5C4141E82BE6D0091EEAD;
					};
					09C5C4381E82BE6F0091EEAD = {
						CreatedOnToolsVersion = 8.0;
						ProvisioningStyle = Automatic;
						TestTargetID = 09C5C4141E82BE6D0091EEAD;
					};
				};
			};
			buildConfigurationList = 09C5C4101E82BE6D0091EEAD /* Build configuration list for PBXProject "CRNumberFaded" */;
			compatibilityVersion = "Xcode 3.2";
			developmentRegion = English;
			hasScannedForEncodings = 0;
			knownRegions = (
				en,
				Base,
			);
			mainGroup = 09C5C40C1E82BE6D0091EEAD;
			productRefGroup = 09C5C4161E82BE6E0091EEAD /* Products */;
			projectDirPath = "";
			projectRoot = "";
			targets = (
				09C5C4141E82BE6D0091EEAD /* CRNumberFaded */,
				09C5C42D1E82BE6F0091EEAD /* CRNumberFadedTests */,
				09C5C4381E82BE6F0091EEAD /* CRNumberFadedUITests */,
			);
		};
/* End PBXProject section */

/* Begin PBXResourcesBuildPhase section */
		09C5C4131E82BE6D0091EEAD /* Resources */ = {
			isa = PBXResourcesBuildPhase;
			buildActionMask = 2147483647;
			files = (
				09C5C4281E82BE6E0091EEAD /* LaunchScreen.storyboard in Resources */,
				09C5C4251E82BE6E0091EEAD /* Assets.xcassets in Resources */,
				09C5C4231E82BE6E0091EEAD /* Main.storyboard in Resources */,
			);
			runOnlyForDeploymentPostprocessing = 0;
		};
		09C5C42C1E82BE6F0091EEAD /* Resources */ = {
			isa = PBXResourcesBuildPhase;
			buildActionMask = 2147483647;
			files = (
			);
			runOnlyForDeploymentPostprocessing = 0;
		};
		09C5C4371E82BE6F0091EEAD /* Resources */ = {
			isa = PBXResourcesBuildPhase;
			buildActionMask = 2147483647;
			files = (
			);
			runOnlyForDeploymentPostprocessing = 0;
		};
/* End PBXResourcesBuildPhase section */

/* Begin PBXShellScriptBuildPhase section */
		135F43A08E8C17E7EAE9F6F4 /* [CP] Check Pods Manifest.lock */ = {
			isa = PBXShellScriptBuildPhase;
			buildActionMask = 2147483647;
			files = (
			);
			inputPaths = (
			);
			name = "[CP] Check Pods Manifest.lock";
			outputPaths = (
			);
			runOnlyForDeploymentPostprocessing = 0;
			shellPath = /bin/sh;
			shellScript = "diff \"${PODS_ROOT}/../Podfile.lock\" \"${PODS_ROOT}/Manifest.lock\" > /dev/null\nif [ $? != 0 ] ; then\n    # print error to STDERR\n    echo \"error: The sandbox is not in sync with the Podfile.lock. Run 'pod install' or update your CocoaPods installation.\" >&2\n    exit 1\nfi\n";
			showEnvVarsInLog = 0;
		};
		1B0F661F984249BDB02912D1 /* [CP] Check Pods Manifest.lock */ = {
			isa = PBXShellScriptBuildPhase;
			buildActionMask = 2147483647;
			files = (
			);
			inputPaths = (
			);
			name = "[CP] Check Pods Manifest.lock";
			outputPaths = (
			);
			runOnlyForDeploymentPostprocessing = 0;
			shellPath = /bin/sh;
			shellScript = "diff \"${PODS_ROOT}/../Podfile.lock\" \"${PODS_ROOT}/Manifest.lock\" > /dev/null\nif [ $? != 0 ] ; then\n    # print error to STDERR\n    echo \"error: The sandbox is not in sync with the Podfile.lock. Run 'pod install' or update your CocoaPods installation.\" >&2\n    exit 1\nfi\n";
			showEnvVarsInLog = 0;
		};
		1CAD2A0F10ADD31FE1EC3694 /* [CP] Copy Pods Resources */ = {
			isa = PBXShellScriptBuildPhase;
			buildActionMask = 2147483647;
			files = (
			);
			inputPaths = (
			);
			name = "[CP] Copy Pods Resources";
			outputPaths = (
			);
			runOnlyForDeploymentPostprocessing = 0;
			shellPath = /bin/sh;
			shellScript = "\"${SRCROOT}/Pods/Target Support Files/Pods-CRNumberFadedUITests/Pods-CRNumberFadedUITests-resources.sh\"\n";
			showEnvVarsInLog = 0;
		};
		56668E42BBDB2029B11CA3EC /* [CP] Embed Pods Frameworks */ = {
			isa = PBXShellScriptBuildPhase;
			buildActionMask = 2147483647;
			files = (
			);
			inputPaths = (
			);
			name = "[CP] Embed Pods Frameworks";
			outputPaths = (
			);
			runOnlyForDeploymentPostprocessing = 0;
			shellPath = /bin/sh;
			shellScript = "\"${SRCROOT}/Pods/Target Support Files/Pods-CRNumberFaded/Pods-CRNumberFaded-frameworks.sh\"\n";
			showEnvVarsInLog = 0;
		};
		57668F836018FF56776A09D1 /* [CP] Embed Pods Frameworks */ = {
			isa = PBXShellScriptBuildPhase;
			buildActionMask = 2147483647;
			files = (
			);
			inputPaths = (
			);
			name = "[CP] Embed Pods Frameworks";
			outputPaths = (
			);
			runOnlyForDeploymentPostprocessing = 0;
			shellPath = /bin/sh;
			shellScript = "\"${SRCROOT}/Pods/Target Support Files/Pods-CRNumberFadedTests/Pods-CRNumberFadedTests-frameworks.sh\"\n";
			showEnvVarsInLog = 0;
		};
		869AE8A806A0597269055942 /* [CP] Copy Pods Resources */ = {
			isa = PBXShellScriptBuildPhase;
			buildActionMask = 2147483647;
			files = (
			);
			inputPaths = (
			);
			name = "[CP] Copy Pods Resources";
			outputPaths = (
			);
			runOnlyForDeploymentPostprocessing = 0;
			shellPath = /bin/sh;
			shellScript = "\"${SRCROOT}/Pods/Target Support Files/Pods-CRNumberFaded/Pods-CRNumberFaded-resources.sh\"\n";
			showEnvVarsInLog = 0;
		};
		9D4C1C565EC1011F0B571078 /* [CP] Check Pods Manifest.lock */ = {
			isa = PBXShellScriptBuildPhase;
			buildActionMask = 2147483647;
			files = (
			);
			inputPaths = (
			);
			name = "[CP] Check Pods Manifest.lock";
			outputPaths = (
			);
			runOnlyForDeploymentPostprocessing = 0;
			shellPath = /bin/sh;
			shellScript = "diff \"${PODS_ROOT}/../Podfile.lock\" \"${PODS_ROOT}/Manifest.lock\" > /dev/null\nif [ $? != 0 ] ; then\n    # print error to STDERR\n    echo \"error: The sandbox is not in sync with the Podfile.lock. Run 'pod install' or update your CocoaPods installation.\" >&2\n    exit 1\nfi\n";
			showEnvVarsInLog = 0;
		};
		C259EC5684DE2CC1A7AA5F0D /* [CP] Embed Pods Frameworks */ = {
			isa = PBXShellScriptBuildPhase;
			buildActionMask = 2147483647;
			files = (
			);
			inputPaths = (
			);
			name = "[CP] Embed Pods Frameworks";
			outputPaths = (
			);
			runOnlyForDeploymentPostprocessing = 0;
			shellPath = /bin/sh;
			shellScript = "\"${SRCROOT}/Pods/Target Support Files/Pods-CRNumberFadedUITests/Pods-CRNumberFadedUITests-frameworks.sh\"\n";
			showEnvVarsInLog = 0;
		};
		E70C0C5D80606A0CDDD58FA5 /* [CP] Copy Pods Resources */ = {
			isa = PBXShellScriptBuildPhase;
			buildActionMask = 2147483647;
			files = (
			);
			inputPaths = (
			);
			name = "[CP] Copy Pods Resources";
			outputPaths = (
			);
			runOnlyForDeploymentPostprocessing = 0;
			shellPath = /bin/sh;
			shellScript = "\"${SRCROOT}/Pods/Target Support Files/Pods-CRNumberFadedTests/Pods-CRNumberFadedTests-resources.sh\"\n";
			showEnvVarsInLog = 0;
		};
/* End PBXShellScriptBuildPhase section */

/* Begin PBXSourcesBuildPhase section */
		09C5C4111E82BE6D0091EEAD /* Sources */ = {
			isa = PBXSourcesBuildPhase;
			buildActionMask = 2147483647;
			files = (
				09CA34B11EC612E300EA80A2 /* PerformanceVC.m in Sources */,
				090345501E82C7350061BE0C /* CRNumberFaded.m in Sources */,
				09C5C4201E82BE6E0091EEAD /* ViewController.m in Sources */,
				09C5C41D1E82BE6E0091EEAD /* AppDelegate.m in Sources */,
				0985476D1EC52F6300E65846 /* CRSlider.m in Sources */,
				09C5C41A1E82BE6E0091EEAD /* main.m in Sources */,
				090345531E82CC4C0061BE0C /* CRFadedView.m in Sources */,
			);
			runOnlyForDeploymentPostprocessing = 0;
		};
		09C5C42A1E82BE6F0091EEAD /* Sources */ = {
			isa = PBXSourcesBuildPhase;
			buildActionMask = 2147483647;
			files = (
				09C5C4331E82BE6F0091EEAD /* CRNumberFadedTests.m in Sources */,
			);
			runOnlyForDeploymentPostprocessing = 0;
		};
		09C5C4351E82BE6F0091EEAD /* Sources */ = {
			isa = PBXSourcesBuildPhase;
			buildActionMask = 2147483647;
			files = (
				09C5C43E1E82BE6F0091EEAD /* CRNumberFadedUITests.m in Sources */,
			);
			runOnlyForDeploymentPostprocessing = 0;
		};
/* End PBXSourcesBuildPhase section */

/* Begin PBXTargetDependency section */
		09C5C4301E82BE6F0091EEAD /* PBXTargetDependency */ = {
			isa = PBXTargetDependency;
			target = 09C5C4141E82BE6D0091EEAD /* CRNumberFaded */;
			targetProxy = 09C5C42F1E82BE6F0091EEAD /* PBXContainerItemProxy */;
		};
		09C5C43B1E82BE6F0091EEAD /* PBXTargetDependency */ = {
			isa = PBXTargetDependency;
			target = 09C5C4141E82BE6D0091EEAD /* CRNumberFaded */;
			targetProxy = 09C5C43A1E82BE6F0091EEAD /* PBXContainerItemProxy */;
		};
/* End PBXTargetDependency section */

/* Begin PBXVariantGroup section */
		09C5C4211E82BE6E0091EEAD /* Main.storyboard */ = {
			isa = PBXVariantGroup;
			children = (
				09C5C4221E82BE6E0091EEAD /* Base */,
			);
			name = Main.storyboard;
			sourceTree = "<group>";
		};
		09C5C4261E82BE6E0091EEAD /* LaunchScreen.storyboard */ = {
			isa = PBXVariantGroup;
			children = (
				09C5C4271E82BE6E0091EEAD /* Base */,
			);
			name = LaunchScreen.storyboard;
			sourceTree = "<group>";
		};
/* End PBXVariantGroup section */

/* Begin XCBuildConfiguration section */
		09C5C4401E82BE6F0091EEAD /* Debug */ = {
			isa = XCBuildConfiguration;
			buildSettings = {
				ALWAYS_SEARCH_USER_PATHS = NO;
				CLANG_ANALYZER_NONNULL = YES;
				CLANG_CXX_LANGUAGE_STANDARD = "gnu++0x";
				CLANG_CXX_LIBRARY = "libc++";
				CLANG_ENABLE_MODULES = YES;
				CLANG_ENABLE_OBJC_ARC = YES;
				CLANG_WARN_BOOL_CONVERSION = YES;
				CLANG_WARN_CONSTANT_CONVERSION = YES;
				CLANG_WARN_DIRECT_OBJC_ISA_USAGE = YES_ERROR;
				CLANG_WARN_DOCUMENTATION_COMMENTS = YES;
				CLANG_WARN_EMPTY_BODY = YES;
				CLANG_WARN_ENUM_CONVERSION = YES;
				CLANG_WARN_INFINITE_RECURSION = YES;
				CLANG_WARN_INT_CONVERSION = YES;
				CLANG_WARN_OBJC_ROOT_CLASS = YES_ERROR;
				CLANG_WARN_SUSPICIOUS_MOVES = YES;
				CLANG_WARN_UNREACHABLE_CODE = YES;
				CLANG_WARN__DUPLICATE_METHOD_MATCH = YES;
				"CODE_SIGN_IDENTITY[sdk=iphoneos*]" = "iPhone Developer";
				COPY_PHASE_STRIP = NO;
				DEBUG_INFORMATION_FORMAT = dwarf;
				ENABLE_STRICT_OBJC_MSGSEND = YES;
				ENABLE_TESTABILITY = YES;
				GCC_C_LANGUAGE_STANDARD = gnu99;
				GCC_DYNAMIC_NO_PIC = NO;
				GCC_NO_COMMON_BLOCKS = YES;
				GCC_OPTIMIZATION_LEVEL = 0;
				GCC_PREPROCESSOR_DEFINITIONS = (
					"DEBUG=1",
					"$(inherited)",
				);
				GCC_WARN_64_TO_32_BIT_CONVERSION = YES;
				GCC_WARN_ABOUT_RETURN_TYPE = YES_ERROR;
				GCC_WARN_UNDECLARED_SELECTOR = YES;
				GCC_WARN_UNINITIALIZED_AUTOS = YES_AGGRESSIVE;
				GCC_WARN_UNUSED_FUNCTION = YES;
				GCC_WARN_UNUSED_VARIABLE = YES;
				IPHONEOS_DEPLOYMENT_TARGET = 10.0;
				MTL_ENABLE_DEBUG_INFO = YES;
				ONLY_ACTIVE_ARCH = YES;
				SDKROOT = iphoneos;
				TARGETED_DEVICE_FAMILY = "1,2";
			};
			name = Debug;
		};
		09C5C4411E82BE6F0091EEAD /* Release */ = {
			isa = XCBuildConfiguration;
			buildSettings = {
				ALWAYS_SEARCH_USER_PATHS = NO;
				CLANG_ANALYZER_NONNULL = YES;
				CLANG_CXX_LANGUAGE_STANDARD = "gnu++0x";
				CLANG_CXX_LIBRARY = "libc++";
				CLANG_ENABLE_MODULES = YES;
				CLANG_ENABLE_OBJC_ARC = YES;
				CLANG_WARN_BOOL_CONVERSION = YES;
				CLANG_WARN_CONSTANT_CONVERSION = YES;
				CLANG_WARN_DIRECT_OBJC_ISA_USAGE = YES_ERROR;
				CLANG_WARN_DOCUMENTATION_COMMENTS = YES;
				CLANG_WARN_EMPTY_BODY = YES;
				CLANG_WARN_ENUM_CONVERSION = YES;
				CLANG_WARN_INFINITE_RECURSION = YES;
				CLANG_WARN_INT_CONVERSION = YES;
				CLANG_WARN_OBJC_ROOT_CLASS = YES_ERROR;
				CLANG_WARN_SUSPICIOUS_MOVES = YES;
				CLANG_WARN_UNREACHABLE_CODE = YES;
				CLANG_WARN__DUPLICATE_METHOD_MATCH = YES;
				"CODE_SIGN_IDENTITY[sdk=iphoneos*]" = "iPhone Developer";
				COPY_PHASE_STRIP = NO;
				DEBUG_INFORMATION_FORMAT = "dwarf-with-dsym";
				ENABLE_NS_ASSERTIONS = NO;
				ENABLE_STRICT_OBJC_MSGSEND = YES;
				GCC_C_LANGUAGE_STANDARD = gnu99;
				GCC_NO_COMMON_BLOCKS = YES;
				GCC_WARN_64_TO_32_BIT_CONVERSION = YES;
				GCC_WARN_ABOUT_RETURN_TYPE = YES_ERROR;
				GCC_WARN_UNDECLARED_SELECTOR = YES;
				GCC_WARN_UNINITIALIZED_AUTOS = YES_AGGRESSIVE;
				GCC_WARN_UNUSED_FUNCTION = YES;
				GCC_WARN_UNUSED_VARIABLE = YES;
				IPHONEOS_DEPLOYMENT_TARGET = 10.0;
				MTL_ENABLE_DEBUG_INFO = NO;
				SDKROOT = iphoneos;
				TARGETED_DEVICE_FAMILY = "1,2";
				VALIDATE_PRODUCT = YES;
			};
			name = Release;
		};
		09C5C4431E82BE6F0091EEAD /* Debug */ = {
			isa = XCBuildConfiguration;
			baseConfigurationReference = E4A9995EB2977FD651368CC7 /* Pods-CRNumberFaded.debug.xcconfig */;
			buildSettings = {
				ASSETCATALOG_COMPILER_APPICON_NAME = AppIcon;
				GCC_PREFIX_HEADER = CRNumberFaded/PrefixHeader.pch;
				INFOPLIST_FILE = CRNumberFaded/Info.plist;
				LD_RUNPATH_SEARCH_PATHS = "$(inherited) @executable_path/Frameworks";
				PRODUCT_BUNDLE_IDENTIFIER = Bear.CRNumberFaded;
				PRODUCT_NAME = "$(TARGET_NAME)";
			};
			name = Debug;
		};
		09C5C4441E82BE6F0091EEAD /* Release */ = {
			isa = XCBuildConfiguration;
			baseConfigurationReference = 53745675C8548BB5030D7949 /* Pods-CRNumberFaded.release.xcconfig */;
			buildSettings = {
				ASSETCATALOG_COMPILER_APPICON_NAME = AppIcon;
				GCC_PREFIX_HEADER = CRNumberFaded/PrefixHeader.pch;
				INFOPLIST_FILE = CRNumberFaded/Info.plist;
				LD_RUNPATH_SEARCH_PATHS = "$(inherited) @executable_path/Frameworks";
				PRODUCT_BUNDLE_IDENTIFIER = Bear.CRNumberFaded;
				PRODUCT_NAME = "$(TARGET_NAME)";
			};
			name = Release;
		};
		09C5C4461E82BE6F0091EEAD /* Debug */ = {
			isa = XCBuildConfiguration;
			baseConfigurationReference = D92A178776E2E9AED69437E6 /* Pods-CRNumberFadedTests.debug.xcconfig */;
			buildSettings = {
				BUNDLE_LOADER = "$(TEST_HOST)";
				INFOPLIST_FILE = CRNumberFadedTests/Info.plist;
				LD_RUNPATH_SEARCH_PATHS = "$(inherited) @executable_path/Frameworks @loader_path/Frameworks";
				PRODUCT_BUNDLE_IDENTIFIER = Bear.CRNumberFadedTests;
				PRODUCT_NAME = "$(TARGET_NAME)";
				TEST_HOST = "$(BUILT_PRODUCTS_DIR)/CRNumberFaded.app/CRNumberFaded";
			};
			name = Debug;
		};
		09C5C4471E82BE6F0091EEAD /* Release */ = {
			isa = XCBuildConfiguration;
			baseConfigurationReference = B8C96CAC3DF0923C32F7CB28 /* Pods-CRNumberFadedTests.release.xcconfig */;
			buildSettings = {
				BUNDLE_LOADER = "$(TEST_HOST)";
				INFOPLIST_FILE = CRNumberFadedTests/Info.plist;
				LD_RUNPATH_SEARCH_PATHS = "$(inherited) @executable_path/Frameworks @loader_path/Frameworks";
				PRODUCT_BUNDLE_IDENTIFIER = Bear.CRNumberFadedTests;
				PRODUCT_NAME = "$(TARGET_NAME)";
				TEST_HOST = "$(BUILT_PRODUCTS_DIR)/CRNumberFaded.app/CRNumberFaded";
			};
			name = Release;
		};
		09C5C4491E82BE6F0091EEAD /* Debug */ = {
			isa = XCBuildConfiguration;
			baseConfigurationReference = D9ADE747B97862270C218779 /* Pods-CRNumberFadedUITests.debug.xcconfig */;
			buildSettings = {
				INFOPLIST_FILE = CRNumberFadedUITests/Info.plist;
				LD_RUNPATH_SEARCH_PATHS = "$(inherited) @executable_path/Frameworks @loader_path/Frameworks";
				PRODUCT_BUNDLE_IDENTIFIER = Bear.CRNumberFadedUITests;
				PRODUCT_NAME = "$(TARGET_NAME)";
				TEST_TARGET_NAME = CRNumberFaded;
			};
			name = Debug;
		};
		09C5C44A1E82BE6F0091EEAD /* Release */ = {
			isa = XCBuildConfiguration;
			baseConfigurationReference = 708D48E3BBA7D14A6C826870 /* Pods-CRNumberFadedUITests.release.xcconfig */;
			buildSettings = {
				INFOPLIST_FILE = CRNumberFadedUITests/Info.plist;
				LD_RUNPATH_SEARCH_PATHS = "$(inherited) @executable_path/Frameworks @loader_path/Frameworks";
				PRODUCT_BUNDLE_IDENTIFIER = Bear.CRNumberFadedUITests;
				PRODUCT_NAME = "$(TARGET_NAME)";
				TEST_TARGET_NAME = CRNumberFaded;
			};
			name = Release;
		};
/* End XCBuildConfiguration section */

/* Begin XCConfigurationList section */
		09C5C4101E82BE6D0091EEAD /* Build configuration list for PBXProject "CRNumberFaded" */ = {
			isa = XCConfigurationList;
			buildConfigurations = (
				09C5C4401E82BE6F0091EEAD /* Debug */,
				09C5C4411E82BE6F0091EEAD /* Release */,
			);
			defaultConfigurationIsVisible = 0;
			defaultConfigurationName = Release;
		};
		09C5C4421E82BE6F0091EEAD /* Build configuration list for PBXNativeTarget "CRNumberFaded" */ = {
			isa = XCConfigurationList;
			buildConfigurations = (
				09C5C4431E82BE6F0091EEAD /* Debug */,
				09C5C4441E82BE6F0091EEAD /* Release */,
			);
			defaultConfigurationIsVisible = 0;
			defaultConfigurationName = Release;
		};
		09C5C4451E82BE6F0091EEAD /* Build configuration list for PBXNativeTarget "CRNumberFadedTests" */ = {
			isa = XCConfigurationList;
			buildConfigurations = (
				09C5C4461E82BE6F0091EEAD /* Debug */,
				09C5C4471E82BE6F0091EEAD /* Release */,
			);
			defaultConfigurationIsVisible = 0;
			defaultConfigurationName = Release;
		};
		09C5C4481E82BE6F0091EEAD /* Build configuration list for PBXNativeTarget "CRNumberFadedUITests" */ = {
			isa = XCConfigurationList;
			buildConfigurations = (
				09C5C4491E82BE6F0091EEAD /* Debug */,
				09C5C44A1E82BE6F0091EEAD /* Release */,
			);
			defaultConfigurationIsVisible = 0;
			defaultConfigurationName = Release;
		};
/* End XCConfigurationList section */
	};
	rootObject = 09C5C40D1E82BE6D0091EEAD /* Project object */;
}
